
Microsoft Visual Studio Solution File, Format Version 12.00
# Visual Studio Version 17
VisualStudioVersion = 17.2.32616.157
MinimumVisualStudioVersion = 10.0.40219.1
Project("{FAE04EC0-301F-11D3-BF4B-00C04F79EFBC}") = "covali.ProcessMultipleExceptions", "covali.ProcessMultipleExceptions\covali.ProcessMultipleExceptions.csproj", "{498EDA7D-B3C2-4C13-9A2D-AE84F9FA96FD}"
EndProject
Global
	GlobalSection(SolutionConfigurationPlatforms) = preSolution
		Debug|Any CPU = Debug|Any CPU
		Release|Any CPU = Release|Any CPU
	EndGlobalSection
	GlobalSection(ProjectConfigurationPlatforms) = postSolution
		{498EDA7D-B3C2-4C13-9A2D-AE84F9FA96FD}.Debug|Any CPU.ActiveCfg = Debug|Any CPU
		{498EDA7D-B3C2-4C13-9A2D-AE84F9FA96FD}.Debug|Any CPU.Build.0 = Debug|Any CPU
		{498EDA7D-B3C2-4C13-9A2D-AE84F9FA96FD}.Release|Any CPU.ActiveCfg = Release|Any CPU
		{498EDA7D-B3C2-4C13-9A2D-AE84F9FA96FD}.Release|Any CPU.Build.0 = Release|Any CPU
	EndGlobalSection
	GlobalSection(SolutionProperties) = preSolution
		HideSolutionNode = FALSE
	EndGlobalSection
	GlobalSection(ExtensibilityGlobals) = postSolution
		SolutionGuid = {F5D6676C-2F4A-4D73-9A90-AFBAD87A6718}
	EndGlobalSection
EndGlobal
